{
  "name": "unrar-promise",
  "version": "1.0.0",
  "lockfileVersion": 1,
  "dependencies": {
    "@honeo/check": {
      "version": "1.0.2",
      "resolved": "https://registry.npmjs.org/@honeo/check/-/check-1.0.2.tgz",
      "integrity": "sha1-SrCbgE1yXs4YkDgkzE/BGuzCChg="
    },
    "@honeo/test": {
      "version": "3.1.1",
      "resolved": "https://registry.npmjs.org/@honeo/test/-/test-3.1.1.tgz",
      "integrity": "sha1-eGdVNTfauwEBwdtQaHhXttlhr8s=",
      "dev": true
    },
    "any-promise": {
      "version": "1.3.0",
      "resolved": "https://registry.npmjs.org/any-promise/-/any-promise-1.3.0.tgz",
      "integrity": "sha1-q8av7tzqUugJzcA3au0845Y10X8=",
      "dev": true
    },
    "fs-extra": {
      "version": "3.0.1",
      "resolved": "https://registry.npmjs.org/fs-extra/-/fs-extra-3.0.1.tgz",
      "integrity": "sha1-N5TzeMWLNC6n27sjCVEJxLO2IpE="
    },
    "fs-promise": {
      "version": "2.0.3",
      "resolved": "https://registry.npmjs.org/fs-promise/-/fs-promise-2.0.3.tgz",
      "integrity": "sha1-9k5PhUvPaJqovdy6JokW2z20aFQ=",
      "dev": true,
      "dependencies": {
        "fs-extra": {
          "version": "2.1.2",
          "resolved": "https://registry.npmjs.org/fs-extra/-/fs-extra-2.1.2.tgz",
          "integrity": "sha1-BGxwFjzvmq1GsOSn+kZ/si1x3jU=",
          "dev": true
        },
        "jsonfile": {
          "version": "2.4.0",
          "resolved": "https://registry.npmjs.org/jsonfile/-/jsonfile-2.4.0.tgz",
          "integrity": "sha1-NzaitCi4e72gzIO1P6PWM6NcKug=",
          "dev": true
        }
      }
    },
    "graceful-fs": {
      "version": "4.1.11",
      "resolved": "https://registry.npmjs.org/graceful-fs/-/graceful-fs-4.1.11.tgz",
      "integrity": "sha1-Dovf5NHduIVNZOBOp8AOKgJuVlg="
    },
    "jsonfile": {
      "version": "3.0.0",
      "resolved": "https://registry.npmjs.org/jsonfile/-/jsonfile-3.0.0.tgz",
      "integrity": "sha1-kufHRE5f/V+jLmqa6LhQNN+DR9A="
    },
    "mz": {
      "version": "2.6.0",
      "resolved": "https://registry.npmjs.org/mz/-/mz-2.6.0.tgz",
      "integrity": "sha1-yLhSHZWN8KTydoAl22nHGe5O8c4=",
      "dev": true
    },
    "node-unrar-js": {
      "version": "0.8.1",
      "resolved": "https://registry.npmjs.org/node-unrar-js/-/node-unrar-js-0.8.1.tgz",
      "integrity": "sha1-NRiO96rrq4VC/d0jfUBA8fP+5u4="
    },
    "object-assign": {
      "version": "4.1.1",
      "resolved": "https://registry.npmjs.org/object-assign/-/object-assign-4.1.1.tgz",
      "integrity": "sha1-IQmtx5ZYh8/AXLvUQsrIv7s2CGM=",
      "dev": true
    },
    "ospath": {
      "version": "1.2.2",
      "resolved": "https://registry.npmjs.org/ospath/-/ospath-1.2.2.tgz",
      "integrity": "sha1-EnZjl3Sj+O8lcvf+QoDg6kVQwHs=",
      "dev": true
    },
    "thenify": {
      "version": "3.3.0",
      "resolved": "https://registry.npmjs.org/thenify/-/thenify-3.3.0.tgz",
      "integrity": "sha1-5p44obq+lpsBCCB5eLn2K4hgSDk=",
      "dev": true
    },
    "thenify-all": {
      "version": "1.6.0",
      "resolved": "https://registry.npmjs.org/thenify-all/-/thenify-all-1.6.0.tgz",
      "integrity": "sha1-GhkY1ALY/D+Y+/I02wvMjMEOlyY=",
      "dev": true
    },
    "universalify": {
      "version": "0.1.0",
      "resolved": "https://registry.npmjs.org/universalify/-/universalify-0.1.0.tgz",
      "integrity": "sha1-nrHEZR3rzGcMyU8adXYjMruWd3g="
    }
  }
}
