{
  "name": "unrar-promise",
  "version": "2.0.1",
  "lockfileVersion": 2,
  "requires": true,
  "packages": {
    "": {
      "version": "2.0.1",
      "license": "MIT",
      "dependencies": {
        "@honeo/check": "^2.6.0",
        "console-wrapper": "^1.1.0",
        "fs-extra": "^10.0.0",
        "node-unrar-js": "^1.0.3",
        "sanitize-filename": "^1.6.1"
      },
      "devDependencies": {
        "@honeo/test": "^3.3.0"
      }
    },
    "node_modules/@honeo/check": {
      "version": "2.6.0",
      "resolved": "https://registry.npmjs.org/@honeo/check/-/check-2.6.0.tgz",
      "integrity": "sha512-pRZPY7B2mahbGUvCkr63uP/d1FSdoVPEV0Yf6X1sm7HjfzBy5gtwx/AX6wFDsweFzTrLZVi5f4hg42XmT46fTA=="
    },
    "node_modules/@honeo/test": {
      "version": "3.3.0",
      "resolved": "https://registry.npmjs.org/@honeo/test/-/test-3.3.0.tgz",
      "integrity": "sha512-lbzLXS55/C5TC1HUTKb5qLyA/Keuvng+EV99Tm07YgKju3y8v/RhRIneH8hxxubqtolj+rckuzQAxiFE+jDtPA==",
      "dev": true,
      "dependencies": {
        "fs-extra": "^7.0.1",
        "ospath": "^1.2.2"
      },
      "engines": {
        "node": ">=7.6"
      }
    },
    "node_modules/@honeo/test/node_modules/fs-extra": {
      "version": "7.0.1",
      "resolved": "https://registry.npmjs.org/fs-extra/-/fs-extra-7.0.1.tgz",
      "integrity": "sha512-YJDaCJZEnBmcbw13fvdAM9AwNOJwOzrE4pqMqBq5nFiEqXUqHwlK4B+3pUw6JNvfSPtX05xFHtYy/1ni01eGCw==",
      "dev": true,
      "dependencies": {
        "graceful-fs": "^4.1.2",
        "jsonfile": "^4.0.0",
        "universalify": "^0.1.0"
      },
      "engines": {
        "node": ">=6 <7 || >=8"
      }
    },
    "node_modules/@honeo/test/node_modules/jsonfile": {
      "version": "4.0.0",
      "resolved": "https://registry.npmjs.org/jsonfile/-/jsonfile-4.0.0.tgz",
      "integrity": "sha1-h3Gq4HmbZAdrdmQPygWPnBDjPss=",
      "dev": true,
      "optionalDependencies": {
        "graceful-fs": "^4.1.6"
      }
    },
    "node_modules/@honeo/test/node_modules/universalify": {
      "version": "0.1.2",
      "resolved": "https://registry.npmjs.org/universalify/-/universalify-0.1.2.tgz",
      "integrity": "sha512-rBJeI5CXAlmy1pV+617WB9J63U6XcazHHF2f2dbJix4XzpUF0RS3Zbj0FGIOCAva5P/d/GBOYaACQ1w+0azUkg==",
      "dev": true,
      "engines": {
        "node": ">= 4.0.0"
      }
    },
    "node_modules/console-wrapper": {
      "version": "1.1.0",
      "resolved": "https://registry.npmjs.org/console-wrapper/-/console-wrapper-1.1.0.tgz",
      "integrity": "sha1-gsb5zRTGKVtLlRMpD6PMFnVniQM="
    },
    "node_modules/fs-extra": {
      "version": "10.0.0",
      "resolved": "https://registry.npmjs.org/fs-extra/-/fs-extra-10.0.0.tgz",
      "integrity": "sha512-C5owb14u9eJwizKGdchcDUQeFtlSHHthBk8pbX9Vc1PFZrLombudjDnNns88aYslCyF6IY5SUw3Roz6xShcEIQ==",
      "dependencies": {
        "graceful-fs": "^4.2.0",
        "jsonfile": "^6.0.1",
        "universalify": "^2.0.0"
      },
      "engines": {
        "node": ">=12"
      }
    },
    "node_modules/graceful-fs": {
      "version": "4.2.8",
      "resolved": "https://registry.npmjs.org/graceful-fs/-/graceful-fs-4.2.8.tgz",
      "integrity": "sha512-qkIilPUYcNhJpd33n0GBXTB1MMPp14TxEsEs0pTrsSVucApsYzW5V+Q8Qxhik6KU3evy+qkAAowTByymK0avdg=="
    },
    "node_modules/jsonfile": {
      "version": "6.1.0",
      "resolved": "https://registry.npmjs.org/jsonfile/-/jsonfile-6.1.0.tgz",
      "integrity": "sha512-5dgndWOriYSm5cnYaJNhalLNDKOqFwyDB/rr1E9ZsGciGvKPs8R2xYGCacuf3z6K1YKDz182fd+fY3cn3pMqXQ==",
      "dependencies": {
        "universalify": "^2.0.0"
      },
      "optionalDependencies": {
        "graceful-fs": "^4.1.6"
      }
    },
    "node_modules/node-unrar-js": {
      "version": "1.0.3",
      "resolved": "https://registry.npmjs.org/node-unrar-js/-/node-unrar-js-1.0.3.tgz",
      "integrity": "sha512-erEhBIhOxKYxxnIhB2CiIU1RQjPN7jjNKbpthWig0VTz3L6AwyORilvTdVzYOkxyTWGY9ZLqHB+EyqmnvvdI5g=="
    },
    "node_modules/ospath": {
      "version": "1.2.2",
      "resolved": "https://registry.npmjs.org/ospath/-/ospath-1.2.2.tgz",
      "integrity": "sha1-EnZjl3Sj+O8lcvf+QoDg6kVQwHs=",
      "dev": true
    },
    "node_modules/sanitize-filename": {
      "version": "1.6.3",
      "resolved": "https://registry.npmjs.org/sanitize-filename/-/sanitize-filename-1.6.3.tgz",
      "integrity": "sha512-y/52Mcy7aw3gRm7IrcGDFx/bCk4AhRh2eI9luHOQM86nZsqwiRkkq2GekHXBBD+SmPidc8i2PqtYZl+pWJ8Oeg==",
      "dependencies": {
        "truncate-utf8-bytes": "^1.0.0"
      }
    },
    "node_modules/truncate-utf8-bytes": {
      "version": "1.0.2",
      "resolved": "https://registry.npmjs.org/truncate-utf8-bytes/-/truncate-utf8-bytes-1.0.2.tgz",
      "integrity": "sha1-QFkjkJWS1W94pYGENLC3hInKXys=",
      "dependencies": {
        "utf8-byte-length": "^1.0.1"
      }
    },
    "node_modules/universalify": {
      "version": "2.0.0",
      "resolved": "https://registry.npmjs.org/universalify/-/universalify-2.0.0.tgz",
      "integrity": "sha512-hAZsKq7Yy11Zu1DE0OzWjw7nnLZmJZYTDZZyEFHZdUhV8FkH5MCfoU1XMaxXovpyW5nq5scPqq0ZDP9Zyl04oQ==",
      "engines": {
        "node": ">= 10.0.0"
      }
    },
    "node_modules/utf8-byte-length": {
      "version": "1.0.4",
      "resolved": "https://registry.npmjs.org/utf8-byte-length/-/utf8-byte-length-1.0.4.tgz",
      "integrity": "sha1-9F8VDExm7uloGGUFq5P8u4rWv2E="
    }
  },
  "dependencies": {
    "@honeo/check": {
      "version": "2.6.0",
      "resolved": "https://registry.npmjs.org/@honeo/check/-/check-2.6.0.tgz",
      "integrity": "sha512-pRZPY7B2mahbGUvCkr63uP/d1FSdoVPEV0Yf6X1sm7HjfzBy5gtwx/AX6wFDsweFzTrLZVi5f4hg42XmT46fTA=="
    },
    "@honeo/test": {
      "version": "3.3.0",
      "resolved": "https://registry.npmjs.org/@honeo/test/-/test-3.3.0.tgz",
      "integrity": "sha512-lbzLXS55/C5TC1HUTKb5qLyA/Keuvng+EV99Tm07YgKju3y8v/RhRIneH8hxxubqtolj+rckuzQAxiFE+jDtPA==",
      "dev": true,
      "requires": {
        "fs-extra": "^7.0.1",
        "ospath": "^1.2.2"
      },
      "dependencies": {
        "fs-extra": {
          "version": "7.0.1",
          "resolved": "https://registry.npmjs.org/fs-extra/-/fs-extra-7.0.1.tgz",
          "integrity": "sha512-YJDaCJZEnBmcbw13fvdAM9AwNOJwOzrE4pqMqBq5nFiEqXUqHwlK4B+3pUw6JNvfSPtX05xFHtYy/1ni01eGCw==",
          "dev": true,
          "requires": {
            "graceful-fs": "^4.1.2",
            "jsonfile": "^4.0.0",
            "universalify": "^0.1.0"
          }
        },
        "jsonfile": {
          "version": "4.0.0",
          "resolved": "https://registry.npmjs.org/jsonfile/-/jsonfile-4.0.0.tgz",
          "integrity": "sha1-h3Gq4HmbZAdrdmQPygWPnBDjPss=",
          "dev": true,
          "requires": {
            "graceful-fs": "^4.1.6"
          }
        },
        "universalify": {
          "version": "0.1.2",
          "resolved": "https://registry.npmjs.org/universalify/-/universalify-0.1.2.tgz",
          "integrity": "sha512-rBJeI5CXAlmy1pV+617WB9J63U6XcazHHF2f2dbJix4XzpUF0RS3Zbj0FGIOCAva5P/d/GBOYaACQ1w+0azUkg==",
          "dev": true
        }
      }
    },
    "console-wrapper": {
      "version": "1.1.0",
      "resolved": "https://registry.npmjs.org/console-wrapper/-/console-wrapper-1.1.0.tgz",
      "integrity": "sha1-gsb5zRTGKVtLlRMpD6PMFnVniQM="
    },
    "fs-extra": {
      "version": "10.0.0",
      "resolved": "https://registry.npmjs.org/fs-extra/-/fs-extra-10.0.0.tgz",
      "integrity": "sha512-C5owb14u9eJwizKGdchcDUQeFtlSHHthBk8pbX9Vc1PFZrLombudjDnNns88aYslCyF6IY5SUw3Roz6xShcEIQ==",
      "requires": {
        "graceful-fs": "^4.2.0",
        "jsonfile": "^6.0.1",
        "universalify": "^2.0.0"
      }
    },
    "graceful-fs": {
      "version": "4.2.8",
      "resolved": "https://registry.npmjs.org/graceful-fs/-/graceful-fs-4.2.8.tgz",
      "integrity": "sha512-qkIilPUYcNhJpd33n0GBXTB1MMPp14TxEsEs0pTrsSVucApsYzW5V+Q8Qxhik6KU3evy+qkAAowTByymK0avdg=="
    },
    "jsonfile": {
      "version": "6.1.0",
      "resolved": "https://registry.npmjs.org/jsonfile/-/jsonfile-6.1.0.tgz",
      "integrity": "sha512-5dgndWOriYSm5cnYaJNhalLNDKOqFwyDB/rr1E9ZsGciGvKPs8R2xYGCacuf3z6K1YKDz182fd+fY3cn3pMqXQ==",
      "requires": {
        "graceful-fs": "^4.1.6",
        "universalify": "^2.0.0"
      }
    },
    "node-unrar-js": {
      "version": "1.0.3",
      "resolved": "https://registry.npmjs.org/node-unrar-js/-/node-unrar-js-1.0.3.tgz",
      "integrity": "sha512-erEhBIhOxKYxxnIhB2CiIU1RQjPN7jjNKbpthWig0VTz3L6AwyORilvTdVzYOkxyTWGY9ZLqHB+EyqmnvvdI5g=="
    },
    "ospath": {
      "version": "1.2.2",
      "resolved": "https://registry.npmjs.org/ospath/-/ospath-1.2.2.tgz",
      "integrity": "sha1-EnZjl3Sj+O8lcvf+QoDg6kVQwHs=",
      "dev": true
    },
    "sanitize-filename": {
      "version": "1.6.3",
      "resolved": "https://registry.npmjs.org/sanitize-filename/-/sanitize-filename-1.6.3.tgz",
      "integrity": "sha512-y/52Mcy7aw3gRm7IrcGDFx/bCk4AhRh2eI9luHOQM86nZsqwiRkkq2GekHXBBD+SmPidc8i2PqtYZl+pWJ8Oeg==",
      "requires": {
        "truncate-utf8-bytes": "^1.0.0"
      }
    },
    "truncate-utf8-bytes": {
      "version": "1.0.2",
      "resolved": "https://registry.npmjs.org/truncate-utf8-bytes/-/truncate-utf8-bytes-1.0.2.tgz",
      "integrity": "sha1-QFkjkJWS1W94pYGENLC3hInKXys=",
      "requires": {
        "utf8-byte-length": "^1.0.1"
      }
    },
    "universalify": {
      "version": "2.0.0",
      "resolved": "https://registry.npmjs.org/universalify/-/universalify-2.0.0.tgz",
      "integrity": "sha512-hAZsKq7Yy11Zu1DE0OzWjw7nnLZmJZYTDZZyEFHZdUhV8FkH5MCfoU1XMaxXovpyW5nq5scPqq0ZDP9Zyl04oQ=="
    },
    "utf8-byte-length": {
      "version": "1.0.4",
      "resolved": "https://registry.npmjs.org/utf8-byte-length/-/utf8-byte-length-1.0.4.tgz",
      "integrity": "sha1-9F8VDExm7uloGGUFq5P8u4rWv2E="
    }
  }
}
